// !$*UTF8*$!
{
	archiveVersion = 1;
	classes = {
	};
	objectVersion = 46;
	objects = {

/* Begin PBXBuildFile section */
		97BF00061CDC2C16009E8E1F /* main.m in Sources */ = {isa = PBXBuildFile; fileRef = 97BF00051CDC2C16009E8E1F /* main.m */; };
		97BF00091CDC2C16009E8E1F /* AppDelegate.m in Sources */ = {isa = PBXBuildFile; fileRef = 97BF00081CDC2C16009E8E1F /* AppDelegate.m */; };
		97BF000C1CDC2C16009E8E1F /* ViewController.m in Sources */ = {isa = PBXBuildFile; fileRef = 97BF000B1CDC2C16009E8E1F /* ViewController.m */; };
		97BF000F1CDC2C16009E8E1F /* Main.storyboard in Resources */ = {isa = PBXBuildFile; fileRef = 97BF000D1CDC2C16009E8E1F /* Main.storyboard */; };
		97BF00111CDC2C16009E8E1F /* Assets.xcassets in Resources */ = {isa = PBXBuildFile; fileRef = 97BF00101CDC2C16009E8E1F /* Assets.xcassets */; };
		97BF00141CDC2C16009E8E1F /* LaunchScreen.storyboard in Resources */ = {isa = PBXBuildFile; fileRef = 97BF00121CDC2C16009E8E1F /* LaunchScreen.storyboard */; };
		97BF001F1CDC2C16009E8E1F /* UIActivityViewControllerDemoTests.m in Sources */ = {isa = PBXBuildFile; fileRef = 97BF001E1CDC2C16009E8E1F /* UIActivityViewControllerDemoTests.m */; };
/* End PBXBuildFile section */

/* Begin PBXContainerItemProxy section */
		97BF001B1CDC2C16009E8E1F /* PBXContainerItemProxy */ = {
			isa = PBXContainerItemProxy;
			containerPortal = 97BFFFF91CDC2C16009E8E1F /* Project object */;
			proxyType = 1;
			remoteGlobalIDString = 97BF00001CDC2C16009E8E1F;
			remoteInfo = UIActivityViewControllerDemo;
		};
/* End PBXContainerItemProxy section */

/* Begin PBXFileReference section */
		97BF00011CDC2C16009E8E1F /* UIActivityViewControllerDemo.app */ = {isa = PBXFileReference; explicitFileType = wrapper.application; includeInIndex = 0; path = UIActivityViewControllerDemo.app; sourceTree = BUILT_PRODUCTS_DIR; };
		97BF00051CDC2C16009E8E1F /* main.m */ = {isa = PBXFileReference; lastKnownFileType = sourcecode.c.objc; path = main.m; sourceTree = "<group>"; };
		97BF00071CDC2C16009E8E1F /* AppDelegate.h */ = {isa = PBXFileReference; lastKnownFileType = sourcecode.c.h; path = AppDelegate.h; sourceTree = "<group>"; };
		97BF00081CDC2C16009E8E1F /* AppDelegate.m */ = {isa = PBXFileReference; lastKnownFileType = sourcecode.c.objc; path = AppDelegate.m; sourceTree = "<group>"; };
		97BF000A1CDC2C16009E8E1F /* ViewController.h */ = {isa = PBXFileReference; lastKnownFileType = sourcecode.c.h; path = ViewController.h; sourceTree = "<group>"; };
		97BF000B1CDC2C16009E8E1F /* ViewController.m */ = {isa = PBXFileReference; lastKnownFileType = sourcecode.c.objc; path = ViewController.m; sourceTree = "<group>"; };
		97BF000E1CDC2C16009E8E1F /* Base */ = {isa = PBXFileReference; lastKnownFileType = file.storyboard; name = Base; path = Base.lproj/Main.storyboard; sourceTree = "<group>"; };
		97BF00101CDC2C16009E8E1F /* Assets.xcassets */ = {isa = PBXFileReference; lastKnownFileType = folder.assetcatalog; path = Assets.xcassets; sourceTree = "<group>"; };
		97BF00131CDC2C16009E8E1F /* Base */ = {isa = PBXFileReference; lastKnownFileType = file.storyboard; name = Base; path = Base.lproj/LaunchScreen.storyboard; sourceTree = "<group>"; };
		97BF00151CDC2C16009E8E1F /* Info.plist */ = {isa = PBXFileReference; lastKnownFileType = text.plist.xml; path = Info.plist; sourceTree = "<group>"; };
		97BF001A1CDC2C16009E8E1F /* UIActivityViewControllerDemoTests.xctest */ = {isa = PBXFileReference; explicitFileType = wrapper.cfbundle; includeInIndex = 0; path = UIActivityViewControllerDemoTests.xctest; sourceTree = BUILT_PRODUCTS_DIR; };
		97BF001E1CDC2C16009E8E1F /* UIActivityViewControllerDemoTests.m */ = {isa = PBXFileReference; lastKnownFileType = sourcecode.c.objc; path = UIActivityViewControllerDemoTests.m; sourceTree = "<group>"; };
		97BF00201CDC2C16009E8E1F /* Info.plist */ = {isa = PBXFileReference; lastKnownFileType = text.plist.xml; path = Info.plist; sourceTree = "<group>"; };
		97BF00291CDC2D8C009E8E1F /* zh-Hans */ = {isa = PBXFileReference; lastKnownFileType = text.plist.strings; name = "zh-Hans"; path = "zh-Hans.lproj/Main.strings"; sourceTree = "<group>"; };
		97BF002A1CDC2D8C009E8E1F /* zh-Hans */ = {isa = PBXFileReference; lastKnownFileType = text.plist.strings; name = "zh-Hans"; path = "zh-Hans.lproj/LaunchScreen.strings"; sourceTree = "<group>"; };
/* End PBXFileReference section */

/* Begin PBXFrameworksBuildPhase section */
		97BF00171CDC2C16009E8E1F /* Frameworks */ = {
			isa = PBXFrameworksBuildPhase;
			buildActionMask = 2147483647;
			files = (
			);
			runOnlyForDeploymentPostprocessing = 0;
		};
		97BFFFFE1CDC2C16009E8E1F /* Frameworks */ = {
			isa = PBXFrameworksBuildPhase;
			buildActionMask = 2147483647;
			files = (
			);
			runOnlyForDeploymentPostprocessing = 0;
		};
/* End PBXFrameworksBuildPhase section */

/* Begin PBXGroup section */
		97BF00021CDC2C16009E8E1F /* Products */ = {
			isa = PBXGroup;
			children = (
				97BF00011CDC2C16009E8E1F /* UIActivityViewControllerDemo.app */,
				97BF001A1CDC2C16009E8E1F /* UIActivityViewControllerDemoTests.xctest */,
			);
			name = Products;
			sourceTree = "<group>";
		};
		97BF00031CDC2C16009E8E1F /* UIActivityViewControllerDemo */ = {
			isa = PBXGroup;
			children = (
				97BF00071CDC2C16009E8E1F /* AppDelegate.h */,
				97BF00081CDC2C16009E8E1F /* AppDelegate.m */,
				97BF000A1CDC2C16009E8E1F /* ViewController.h */,
				97BF000B1CDC2C16009E8E1F /* ViewController.m */,
				97BF000D1CDC2C16009E8E1F /* Main.storyboard */,
				97BF00101CDC2C16009E8E1F /* Assets.xcassets */,
				97BF00121CDC2C16009E8E1F /* LaunchScreen.storyboard */,
				97BF00151CDC2C16009E8E1F /* Info.plist */,
				97BF00041CDC2C16009E8E1F /* Supporting Files */,
			);
			path = UIActivityViewControllerDemo;
			sourceTree = "<group>";
		};
		97BF00041CDC2C16009E8E1F /* Supporting Files */ = {
			isa = PBXGroup;
			children = (
				97BF00051CDC2C16009E8E1F /* main.m */,
			);
			name = "Supporting Files";
			sourceTree = "<group>";
		};
		97BF001D1CDC2C16009E8E1F /* UIActivityViewControllerDemoTests */ = {
			isa = PBXGroup;
			children = (
				97BF001E1CDC2C16009E8E1F /* UIActivityViewControllerDemoTests.m */,
				97BF00201CDC2C16009E8E1F /* Info.plist */,
			);
			path = UIActivityViewControllerDemoTests;
			sourceTree = "<group>";
		};
		97BFFFF81CDC2C16009E8E1F = {
			isa = PBXGroup;
			children = (
				97BF00031CDC2C16009E8E1F /* UIActivityViewControllerDemo */,
				97BF001D1CDC2C16009E8E1F /* UIActivityViewControllerDemoTests */,
				97BF00021CDC2C16009E8E1F /* Products */,
			);
			sourceTree = "<group>";
		};
/* End PBXGroup section */

/* Begin PBXNativeTarget section */
		97BF00001CDC2C16009E8E1F /* UIActivityViewControllerDemo */ = {
			isa = PBXNativeTarget;
			buildConfigurationList = 97BF00231CDC2C16009E8E1F /* Build configuration list for PBXNativeTarget "UIActivityViewControllerDemo" */;
			buildPhases = (
				97BFFFFD1CDC2C16009E8E1F /* Sources */,
				97BFFFFE1CDC2C16009E8E1F /* Frameworks */,
				97BFFFFF1CDC2C16009E8E1F /* Resources */,
			);
			buildRules = (
			);
			dependencies = (
			);
			name = UIActivityViewControllerDemo;
			productName = UIActivityViewControllerDemo;
			productReference = 97BF00011CDC2C16009E8E1F /* UIActivityViewControllerDemo.app */;
			productType = "com.apple.product-type.application";
		};
		97BF00191CDC2C16009E8E1F /* UIActivityViewControllerDemoTests */ = {
			isa = PBXNativeTarget;
			buildConfigurationList = 97BF00261CDC2C16009E8E1F /* Build configuration list for PBXNativeTarget "UIActivityViewControllerDemoTests" */;
			buildPhases = (
				97BF00161CDC2C16009E8E1F /* Sources */,
				97BF00171CDC2C16009E8E1F /* Frameworks */,
				97BF00181CDC2C16009E8E1F /* Resources */,
			);
			buildRules = (
			);
			dependencies = (
				97BF001C1CDC2C16009E8E1F /* PBXTargetDependency */,
			);
			name = UIActivityViewControllerDemoTests;
			productName = UIActivityViewControllerDemoTests;
			productReference = 97BF001A1CDC2C16009E8E1F /* UIActivityViewControllerDemoTests.xctest */;
			productType = "com.apple.product-type.bundle.unit-test";
		};
/* End PBXNativeTarget section */

/* Begin PBXProject section */
		97BFFFF91CDC2C16009E8E1F /* Project object */ = {
			isa = PBXProject;
			attributes = {
				LastUpgradeCheck = 0720;
				ORGANIZATIONNAME = iJasonY;
				TargetAttributes = {
					97BF00001CDC2C16009E8E1F = {
						CreatedOnToolsVersion = 7.2;
					};
					97BF00191CDC2C16009E8E1F = {
						CreatedOnToolsVersion = 7.2;
						TestTargetID = 97BF00001CDC2C16009E8E1F;
					};
				};
			};
			buildConfigurationList = 97BFFFFC1CDC2C16009E8E1F /* Build configuration list for PBXProject "UIActivityViewControllerDemo" */;
			compatibilityVersion = "Xcode 3.2";
			developmentRegion = English;
			hasScannedForEncodings = 0;
			knownRegions = (
				en,
				Base,
			);
			mainGroup = 97BFFFF81CDC2C16009E8E1F;
			productRefGroup = 97BF00021CDC2C16009E8E1F /* Products */;
			projectDirPath = "";
			projectRoot = "";
			targets = (
				97BF00001CDC2C16009E8E1F /* UIActivityViewControllerDemo */,
				97BF00191CDC2C16009E8E1F /* UIActivityViewControllerDemoTests */,
			);
		};
/* End PBXProject section */

/* Begin PBXResourcesBuildPhase section */
		97BF00181CDC2C16009E8E1F /* Resources */ = {
			isa = PBXResourcesBuildPhase;
			buildActionMask = 2147483647;
			files = (
			);
			runOnlyForDeploymentPostprocessing = 0;
		};
		97BFFFFF1CDC2C16009E8E1F /* Resources */ = {
			isa = PBXResourcesBuildPhase;
			buildActionMask = 2147483647;
			files = (
				97BF00141CDC2C16009E8E1F /* LaunchScreen.storyboard in Resources */,
				97BF00111CDC2C16009E8E1F /* Assets.xcassets in Resources */,
				97BF000F1CDC2C16009E8E1F /* Main.storyboard in Resources */,
			);
			runOnlyForDeploymentPostprocessing = 0;
		};
/* End PBXResourcesBuildPhase section */

/* Begin PBXSourcesBuildPhase section */
		97BF00161CDC2C16009E8E1F /* Sources */ = {
			isa = PBXSourcesBuildPhase;
			buildActionMask = 2147483647;
			files = (
				97BF001F1CDC2C16009E8E1F /* UIActivityViewControllerDemoTests.m in Sources */,
			);
			runOnlyForDeploymentPostprocessing = 0;
		};
		97BFFFFD1CDC2C16009E8E1F /* Sources */ = {
			isa = PBXSourcesBuildPhase;
			buildActionMask = 2147483647;
			files = (
				97BF000C1CDC2C16009E8E1F /* ViewController.m in Sources */,
				97BF00091CDC2C16009E8E1F /* AppDelegate.m in Sources */,
				97BF00061CDC2C16009E8E1F /* main.m in Sources */,
			);
			runOnlyForDeploymentPostprocessing = 0;
		};
/* End PBXSourcesBuildPhase section */

/* Begin PBXTargetDependency section */
		97BF001C1CDC2C16009E8E1F /* PBXTargetDependency */ = {
			isa = PBXTargetDependency;
			target = 97BF00001CDC2C16009E8E1F /* UIActivityViewControllerDemo */;
			targetProxy = 97BF001B1CDC2C16009E8E1F /* PBXContainerItemProxy */;
		};
/* End PBXTargetDependency section */

/* Begin PBXVariantGroup section */
		97BF000D1CDC2C16009E8E1F /* Main.storyboard */ = {
			isa = PBXVariantGroup;
			children = (
				97BF000E1CDC2C16009E8E1F /* Base */,
				97BF00291CDC2D8C009E8E1F /* zh-Hans */,
			);
			name = Main.storyboard;
			sourceTree = "<group>";
		};
		97BF00121CDC2C16009E8E1F /* LaunchScreen.storyboard */ = {
			isa = PBXVariantGroup;
			children = (
				97BF00131CDC2C16009E8E1F /* Base */,
				97BF002A1CDC2D8C009E8E1F /* zh-Hans */,
			);
			name = LaunchScreen.storyboard;
			sourceTree = "<group>";
		};
/* End PBXVariantGroup section */

/* Begin XCBuildConfiguration section */
		97BF00211CDC2C16009E8E1F /* Debug */ = {
			isa = XCBuildConfiguration;
			buildSettings = {
				ALWAYS_SEARCH_USER_PATHS = NO;
				CLANG_CXX_LANGUAGE_STANDARD = "gnu++0x";
				CLANG_CXX_LIBRARY = "libc++";
				CLANG_ENABLE_MODULES = YES;
				CLANG_ENABLE_OBJC_ARC = YES;
				CLANG_WARN_BOOL_CONVERSION = YES;
				CLANG_WARN_CONSTANT_CONVERSION = YES;
				CLANG_WARN_DIRECT_OBJC_ISA_USAGE = YES_ERROR;
				CLANG_WARN_EMPTY_BODY = YES;
				CLANG_WARN_ENUM_CONVERSION = YES;
				CLANG_WARN_INT_CONVERSION = YES;
				CLANG_WARN_OBJC_ROOT_CLASS = YES_ERROR;
				CLANG_WARN_UNREACHABLE_CODE = YES;
				CLANG_WARN__DUPLICATE_METHOD_MATCH = YES;
				"CODE_SIGN_IDENTITY[sdk=iphoneos*]" = "iPhone Developer";
				COPY_PHASE_STRIP = NO;
				DEBUG_INFORMATION_FORMAT = dwarf;
				ENABLE_STRICT_OBJC_MSGSEND = YES;
				ENABLE_TESTABILITY = YES;
				GCC_C_LANGUAGE_STANDARD = gnu99;
				GCC_DYNAMIC_NO_PIC = NO;
				GCC_NO_COMMON_BLOCKS = YES;
				GCC_OPTIMIZATION_LEVEL = 0;
				GCC_PREPROCESSOR_DEFINITIONS = (
					"DEBUG=1",
					"$(inherited)",
				);
				GCC_WARN_64_TO_32_BIT_CONVERSION = YES;
				GCC_WARN_ABOUT_RETURN_TYPE = YES_ERROR;
				GCC_WARN_UNDECLARED_SELECTOR = YES;
				GCC_WARN_UNINITIALIZED_AUTOS = YES_AGGRESSIVE;
				GCC_WARN_UNUSED_FUNCTION = YES;
				GCC_WARN_UNUSED_VARIABLE = YES;
				IPHONEOS_DEPLOYMENT_TARGET = 7.0;
				MTL_ENABLE_DEBUG_INFO = YES;
				ONLY_ACTIVE_ARCH = YES;
				SDKROOT = iphoneos;
				TARGETED_DEVICE_FAMILY = "1,2";
			};
			name = Debug;
		};
		97BF00221CDC2C16009E8E1F /* Release */ = {
			isa = XCBuildConfiguration;
			buildSettings = {
				ALWAYS_SEARCH_USER_PATHS = NO;
				CLANG_CXX_LANGUAGE_STANDARD = "gnu++0x";
				CLANG_CXX_LIBRARY = "libc++";
				CLANG_ENABLE_MODULES = YES;
				CLANG_ENABLE_OBJC_ARC = YES;
				CLANG_WARN_BOOL_CONVERSION = YES;
				CLANG_WARN_CONSTANT_CONVERSION = YES;
				CLANG_WARN_DIRECT_OBJC_ISA_USAGE = YES_ERROR;
				CLANG_WARN_EMPTY_BODY = YES;
				CLANG_WARN_ENUM_CONVERSION = YES;
				CLANG_WARN_INT_CONVERSION = YES;
				CLANG_WARN_OBJC_ROOT_CLASS = YES_ERROR;
				CLANG_WARN_UNREACHABLE_CODE = YES;
				CLANG_WARN__DUPLICATE_METHOD_MATCH = YES;
				"CODE_SIGN_IDENTITY[sdk=iphoneos*]" = "iPhone Developer";
				COPY_PHASE_STRIP = NO;
				DEBUG_INFORMATION_FORMAT = "dwarf-with-dsym";
				ENABLE_NS_ASSERTIONS = NO;
				ENABLE_STRICT_OBJC_MSGSEND = YES;
				GCC_C_LANGUAGE_STANDARD = gnu99;
				GCC_NO_COMMON_BLOCKS = YES;
				GCC_WARN_64_TO_32_BIT_CONVERSION = YES;
				GCC_WARN_ABOUT_RETURN_TYPE = YES_ERROR;
				GCC_WARN_UNDECLARED_SELECTOR = YES;
				GCC_WARN_UNINITIALIZED_AUTOS = YES_AGGRESSIVE;
				GCC_WARN_UNUSED_FUNCTION = YES;
				GCC_WARN_UNUSED_VARIABLE = YES;
				IPHONEOS_DEPLOYMENT_TARGET = 7.0;
				MTL_ENABLE_DEBUG_INFO = NO;
				SDKROOT = iphoneos;
				TARGETED_DEVICE_FAMILY = "1,2";
				VALIDATE_PRODUCT = YES;
			};
			name = Release;
		};
		97BF00241CDC2C16009E8E1F /* Debug */ = {
			isa = XCBuildConfiguration;
			buildSettings = {
				ASSETCATALOG_COMPILER_APPICON_NAME = AppIcon;
				ENABLE_BITCODE = NO;
				INFOPLIST_FILE = UIActivityViewControllerDemo/Info.plist;
				LD_RUNPATH_SEARCH_PATHS = "$(inherited) @executable_path/Frameworks";
				PRODUCT_BUNDLE_IDENTIFIER = JasonY.UIActivityViewControllerDemo;
				PRODUCT_NAME = "$(TARGET_NAME)";
			};
			name = Debug;
		};
		97BF00251CDC2C16009E8E1F /* Release */ = {
			isa = XCBuildConfiguration;
			buildSettings = {
				ASSETCATALOG_COMPILER_APPICON_NAME = AppIcon;
				ENABLE_BITCODE = NO;
				INFOPLIST_FILE = UIActivityViewControllerDemo/Info.plist;
				LD_RUNPATH_SEARCH_PATHS = "$(inherited) @executable_path/Frameworks";
				PRODUCT_BUNDLE_IDENTIFIER = JasonY.UIActivityViewControllerDemo;
				PRODUCT_NAME = "$(TARGET_NAME)";
			};
			name = Release;
		};
		97BF00271CDC2C16009E8E1F /* Debug */ = {
			isa = XCBuildConfiguration;
			buildSettings = {
				BUNDLE_LOADER = "$(TEST_HOST)";
				INFOPLIST_FILE = UIActivityViewControllerDemoTests/Info.plist;
				LD_RUNPATH_SEARCH_PATHS = "$(inherited) @executable_path/Frameworks @loader_path/Frameworks";
				PRODUCT_BUNDLE_IDENTIFIER = JasonY.UIActivityViewControllerDemoTests;
				PRODUCT_NAME = "$(TARGET_NAME)";
				TEST_HOST = "$(BUILT_PRODUCTS_DIR)/UIActivityViewControllerDemo.app/UIActivityViewControllerDemo";
			};
			name = Debug;
		};
		97BF00281CDC2C16009E8E1F /* Release */ = {
			isa = XCBuildConfiguration;
			buildSettings = {
				BUNDLE_LOADER = "$(TEST_HOST)";
				INFOPLIST_FILE = UIActivityViewControllerDemoTests/Info.plist;
				LD_RUNPATH_SEARCH_PATHS = "$(inherited) @executable_path/Frameworks @loader_path/Frameworks";
				PRODUCT_BUNDLE_IDENTIFIER = JasonY.UIActivityViewControllerDemoTests;
				PRODUCT_NAME = "$(TARGET_NAME)";
				TEST_HOST = "$(BUILT_PRODUCTS_DIR)/UIActivityViewControllerDemo.app/UIActivityViewControllerDemo";
			};
			name = Release;
		};
/* End XCBuildConfiguration section */

/* Begin XCConfigurationList section */
		97BF00231CDC2C16009E8E1F /* Build configuration list for PBXNativeTarget "UIActivityViewControllerDemo" */ = {
			isa = XCConfigurationList;
			buildConfigurations = (
				97BF00241CDC2C16009E8E1F /* Debug */,
				97BF00251CDC2C16009E8E1F /* Release */,
			);
			defaultConfigurationIsVisible = 0;
		};
		97BF00261CDC2C16009E8E1F /* Build configuration list for PBXNativeTarget "UIActivityViewControllerDemoTests" */ = {
			isa = XCConfigurationList;
			buildConfigurations = (
				97BF00271CDC2C16009E8E1F /* Debug */,
				97BF00281CDC2C16009E8E1F /* Release */,
			);
			defaultConfigurationIsVisible = 0;
		};
		97BFFFFC1CDC2C16009E8E1F /* Build configuration list for PBXProject "UIActivityViewControllerDemo" */ = {
			isa = XCConfigurationList;
			buildConfigurations = (
				97BF00211CDC2C16009E8E1F /* Debug */,
				97BF00221CDC2C16009E8E1F /* Release */,
			);
			defaultConfigurationIsVisible = 0;
			defaultConfigurationName = Release;
		};
/* End XCConfigurationList section */
	};
	rootObject = 97BFFFF91CDC2C16009E8E1F /* Project object */;
}
